#MicroXplorer Configuration settings - do not modify
Mcu.Family=STM32L1
RCC.MSI_VALUE=2097000
ProjectManager.MainLocation=Core/Src
ProjectManager.ProjectFileName=Voice TDD project.ioc
USART2.IPParameters=VirtualMode,BaudRate
ProjectManager.KeepUserCode=true
Mcu.UserName=STM32L152RETx
Mcu.PinsNb=5
ProjectManager.NoMain=false
RCC.PLLCLKFreq_Value=32000000
ProjectManager.functionlistsort=1-MX_GPIO_Init-GPIO-false-HAL-true,2-SystemClock_Config-RCC-false-HAL-false,3-MX_USART2_UART_Init-USART2-false-HAL-true
PC2.Signal=GPIO_Output
RCC.RTCFreq_Value=37000
PC3.Locked=true
ProjectManager.DefaultFWLocation=true
NVIC.SVC_IRQn=true\:0\:0\:false\:false\:true\:false\:false
ProjectManager.DeletePrevious=true
RCC.TimerFreq_Value=32000000
USART2.BaudRate=9600
PinOutPanel.RotationAngle=0
RCC.FamilyName=M
RCC.SYSCLKSource=RCC_SYSCLKSOURCE_PLLCLK
ProjectManager.StackSize=0x400
PC3.PinState=GPIO_PIN_SET
PC3.GPIOParameters=PinState,GPIO_PuPd
PA3.Mode=Asynchronous
RCC.FCLKCortexFreq_Value=32000000
Mcu.IP2=SYS
Mcu.IP3=USART2
Mcu.IP0=NVIC
Mcu.IP1=RCC
Mcu.UserConstants=
ProjectManager.TargetToolchain=STM32CubeIDE
Mcu.ThirdPartyNb=0
RCC.HCLKFreq_Value=32000000
Mcu.IPNb=4
ProjectManager.PreviousToolchain=STM32CubeIDE
RCC.APB2TimFreq_Value=32000000
PC3.Signal=GPIO_Output
PC2.Locked=true
ProjectManager.RegisterCallBack=
RCC.LSE_VALUE=32768
RCC.AHBFreq_Value=32000000
Mcu.Pin0=PC2
Mcu.Pin1=PC3
GPIO.groupedBy=
Mcu.Pin2=PA2
Mcu.Pin3=PA3
Mcu.Pin4=VP_SYS_VS_Systick
ProjectManager.ProjectBuild=false
RCC.HSE_VALUE=24000000
NVIC.UsageFault_IRQn=true\:0\:0\:false\:false\:true\:false\:false
NVIC.DebugMonitor_IRQn=true\:0\:0\:false\:false\:true\:false\:false
RCC.MCOPinFreq_Value=32000000
board=custom
RCC.VCOOutputFreq_Value=64000000
NVIC.SysTick_IRQn=true\:0\:0\:false\:false\:true\:false\:true
ProjectManager.LastFirmware=true
RCC.PLLMUL=RCC_PLL_MUL4
ProjectManager.FirmwarePackage=STM32Cube FW_L1 V1.10.3
MxDb.Version=DB.6.0.0
RCC.APB2Freq_Value=32000000
ProjectManager.BackupPrevious=false
MxCube.Version=6.0.1
PC2.GPIOParameters=PinState,GPIO_PuPd
File.Version=6
VP_SYS_VS_Systick.Mode=SysTick
NVIC.NonMaskableInt_IRQn=true\:0\:0\:false\:false\:true\:false\:false
NVIC.PendSV_IRQn=true\:0\:0\:false\:false\:true\:false\:false
PC2.GPIO_PuPd=GPIO_PULLDOWN
ProjectManager.FreePins=false
RCC.IPParameters=48MHZClocksFreq_Value,AHBFreq_Value,APB1Freq_Value,APB1TimFreq_Value,APB2Freq_Value,APB2TimFreq_Value,FCLKCortexFreq_Value,FamilyName,HCLKFreq_Value,HSE_VALUE,HSI_VALUE,LSE_VALUE,LSI_VALUE,MCOPinFreq_Value,MSI_VALUE,PLLCLKFreq_Value,PLLMUL,PWRFreq_Value,RTCFreq_Value,RTCHSEDivFreq_Value,SYSCLKFreq_VALUE,SYSCLKSource,TIMFreq_Value,TimerFreq_Value,VCOOutputFreq_Value
ProjectManager.AskForMigrate=true
Mcu.Name=STM32L152RETx
ProjectManager.HalAssertFull=false
RCC.RTCHSEDivFreq_Value=12000000
PA2.Signal=USART2_TX
ProjectManager.ProjectName=Voice TDD project
ProjectManager.UnderRoot=true
ProjectManager.CoupleFile=false
RCC.48MHZClocksFreq_Value=32000000
RCC.SYSCLKFreq_VALUE=32000000
Mcu.Package=LQFP64
PC2.PinState=GPIO_PIN_SET
NVIC.ForceEnableDMAVector=true
KeepUserPlacement=false
USART2.VirtualMode=VM_ASYNC
NVIC.MemoryManagement_IRQn=true\:0\:0\:false\:false\:true\:false\:false
ProjectManager.CompilerOptimize=6
ProjectManager.ToolChainLocation=
RCC.LSI_VALUE=37000
VP_SYS_VS_Systick.Signal=SYS_VS_Systick
ProjectManager.HeapSize=0x200
NVIC.HardFault_IRQn=true\:0\:0\:false\:false\:true\:false\:false
ProjectManager.ComputerToolchain=false
RCC.HSI_VALUE=16000000
NVIC.PriorityGroup=NVIC_PRIORITYGROUP_4
RCC.APB1TimFreq_Value=32000000
PA2.Mode=Asynchronous
NVIC.BusFault_IRQn=true\:0\:0\:false\:false\:true\:false\:false
RCC.PWRFreq_Value=32000000
RCC.APB1Freq_Value=32000000
ProjectManager.CustomerFirmwarePackage=
ProjectManager.DeviceId=STM32L152RETx
ProjectManager.LibraryCopy=1
PC3.GPIO_PuPd=GPIO_PULLDOWN
PA3.Signal=USART2_RX
RCC.TIMFreq_Value=32000000
